
Microsoft Visual Studio Solution File, Format Version 12.00
# Visual Studio Version 17
VisualStudioVersion = 17.5.33516.290
MinimumVisualStudioVersion = 10.0.40219.1
Project("{9A19103F-16F7-4668-BE54-9A1E7A4F7556}") = "AppMVC", "AppMVC.csproj", "{095FFC93-739C-4C3A-B557-A46291E9D964}"
EndProject
Global
	GlobalSection(SolutionConfigurationPlatforms) = preSolution
		Debug|Any CPU = Debug|Any CPU
		Release|Any CPU = Release|Any CPU
	EndGlobalSection
	GlobalSection(ProjectConfigurationPlatforms) = postSolution
		{095FFC93-739C-4C3A-B557-A46291E9D964}.Debug|Any CPU.ActiveCfg = Debug|Any CPU
		{095FFC93-739C-4C3A-B557-A46291E9D964}.Debug|Any CPU.Build.0 = Debug|Any CPU
		{095FFC93-739C-4C3A-B557-A46291E9D964}.Release|Any CPU.ActiveCfg = Release|Any CPU
		{095FFC93-739C-4C3A-B557-A46291E9D964}.Release|Any CPU.Build.0 = Release|Any CPU
	EndGlobalSection
	GlobalSection(SolutionProperties) = preSolution
		HideSolutionNode = FALSE
	EndGlobalSection
	GlobalSection(ExtensibilityGlobals) = postSolution
		SolutionGuid = {8CAFBB6B-CB97-423C-A2CE-D485742803C1}
	EndGlobalSection
EndGlobal
